
Microsoft Visual Studio Solution File, Format Version 12.00
# Visual Studio Version 16
VisualStudioVersion = 16.0.30907.101
MinimumVisualStudioVersion = 10.0.40219.1
Project("{FAE04EC0-301F-11D3-BF4B-00C04F79EFBC}") = "WebSite2", "WebSite2.csproj", "{F359CE74-655A-40B8-BFBD-99D1524D9AA9}"
EndProject
Global
	GlobalSection(SolutionConfigurationPlatforms) = preSolution
		Debug|Any CPU = Debug|Any CPU
		Release|Any CPU = Release|Any CPU
	EndGlobalSection
	GlobalSection(ProjectConfigurationPlatforms) = postSolution
		{F359CE74-655A-40B8-BFBD-99D1524D9AA9}.Debug|Any CPU.ActiveCfg = Debug|Any CPU
		{F359CE74-655A-40B8-BFBD-99D1524D9AA9}.Debug|Any CPU.Build.0 = Debug|Any CPU
		{F359CE74-655A-40B8-BFBD-99D1524D9AA9}.Release|Any CPU.ActiveCfg = Release|Any CPU
		{F359CE74-655A-40B8-BFBD-99D1524D9AA9}.Release|Any CPU.Build.0 = Release|Any CPU
	EndGlobalSection
	GlobalSection(SolutionProperties) = preSolution
		HideSolutionNode = FALSE
	EndGlobalSection
	GlobalSection(ExtensibilityGlobals) = postSolution
		SolutionGuid = {DF15ED59-0A58-41A8-95E2-AAF490947BA5}
	EndGlobalSection
EndGlobal
